// !$*UTF8*$!
{
	archiveVersion = 1;
	classes = {
	};
	objectVersion = 46;
	objects = {

/* Begin PBXBuildFile section */
		52B7AA0519AEF83D00075D1E /* Foundation.framework in Frameworks */ = {isa = PBXBuildFile; fileRef = 52B7AA0419AEF83D00075D1E /* Foundation.framework */; };
		52B7AA0719AEF83D00075D1E /* CoreGraphics.framework in Frameworks */ = {isa = PBXBuildFile; fileRef = 52B7AA0619AEF83D00075D1E /* CoreGraphics.framework */; };
		52B7AA0919AEF83D00075D1E /* UIKit.framework in Frameworks */ = {isa = PBXBuildFile; fileRef = 52B7AA0819AEF83D00075D1E /* UIKit.framework */; };
		52B7AA0F19AEF83D00075D1E /* InfoPlist.strings in Resources */ = {isa = PBXBuildFile; fileRef = 52B7AA0D19AEF83D00075D1E /* InfoPlist.strings */; };
		52B7AA1119AEF83D00075D1E /* main.m in Sources */ = {isa = PBXBuildFile; fileRef = 52B7AA1019AEF83D00075D1E /* main.m */; };
		52B7AA1519AEF83D00075D1E /* SMAppDelegate.m in Sources */ = {isa = PBXBuildFile; fileRef = 52B7AA1419AEF83D00075D1E /* SMAppDelegate.m */; };
		52B7AA1719AEF83D00075D1E /* Images.xcassets in Resources */ = {isa = PBXBuildFile; fileRef = 52B7AA1619AEF83D00075D1E /* Images.xcassets */; };
		52B7AA1E19AEF83D00075D1E /* XCTest.framework in Frameworks */ = {isa = PBXBuildFile; fileRef = 52B7AA1D19AEF83D00075D1E /* XCTest.framework */; };
		52B7AA1F19AEF83D00075D1E /* Foundation.framework in Frameworks */ = {isa = PBXBuildFile; fileRef = 52B7AA0419AEF83D00075D1E /* Foundation.framework */; };
		52B7AA2019AEF83D00075D1E /* UIKit.framework in Frameworks */ = {isa = PBXBuildFile; fileRef = 52B7AA0819AEF83D00075D1E /* UIKit.framework */; };
		52B7AA2819AEF83D00075D1E /* InfoPlist.strings in Resources */ = {isa = PBXBuildFile; fileRef = 52B7AA2619AEF83D00075D1E /* InfoPlist.strings */; };
		52B7AA2A19AEF83D00075D1E /* ServerTestTests.m in Sources */ = {isa = PBXBuildFile; fileRef = 52B7AA2919AEF83D00075D1E /* ServerTestTests.m */; };
/* End PBXBuildFile section */

/* Begin PBXContainerItemProxy section */
		52B7AA2119AEF83D00075D1E /* PBXContainerItemProxy */ = {
			isa = PBXContainerItemProxy;
			containerPortal = 52B7A9F919AEF83D00075D1E /* Project object */;
			proxyType = 1;
			remoteGlobalIDString = 52B7AA0019AEF83D00075D1E;
			remoteInfo = ServerTest;
		};
/* End PBXContainerItemProxy section */

/* Begin PBXFileReference section */
		52B7AA0119AEF83D00075D1E /* ServerTest.app */ = {isa = PBXFileReference; explicitFileType = wrapper.application; includeInIndex = 0; path = ServerTest.app; sourceTree = BUILT_PRODUCTS_DIR; };
		52B7AA0419AEF83D00075D1E /* Foundation.framework */ = {isa = PBXFileReference; lastKnownFileType = wrapper.framework; name = Foundation.framework; path = System/Library/Frameworks/Foundation.framework; sourceTree = SDKROOT; };
		52B7AA0619AEF83D00075D1E /* CoreGraphics.framework */ = {isa = PBXFileReference; lastKnownFileType = wrapper.framework; name = CoreGraphics.framework; path = System/Library/Frameworks/CoreGraphics.framework; sourceTree = SDKROOT; };
		52B7AA0819AEF83D00075D1E /* UIKit.framework */ = {isa = PBXFileReference; lastKnownFileType = wrapper.framework; name = UIKit.framework; path = System/Library/Frameworks/UIKit.framework; sourceTree = SDKROOT; };
		52B7AA0C19AEF83D00075D1E /* ServerTest-Info.plist */ = {isa = PBXFileReference; lastKnownFileType = text.plist.xml; path = "ServerTest-Info.plist"; sourceTree = "<group>"; };
		52B7AA0E19AEF83D00075D1E /* en */ = {isa = PBXFileReference; lastKnownFileType = text.plist.strings; name = en; path = en.lproj/InfoPlist.strings; sourceTree = "<group>"; };
		52B7AA1019AEF83D00075D1E /* main.m */ = {isa = PBXFileReference; lastKnownFileType = sourcecode.c.objc; path = main.m; sourceTree = "<group>"; };
		52B7AA1219AEF83D00075D1E /* ServerTest-Prefix.pch */ = {isa = PBXFileReference; lastKnownFileType = sourcecode.c.h; path = "ServerTest-Prefix.pch"; sourceTree = "<group>"; };
		52B7AA1319AEF83D00075D1E /* SMAppDelegate.h */ = {isa = PBXFileReference; lastKnownFileType = sourcecode.c.h; path = SMAppDelegate.h; sourceTree = "<group>"; };
		52B7AA1419AEF83D00075D1E /* SMAppDelegate.m */ = {isa = PBXFileReference; lastKnownFileType = sourcecode.c.objc; path = SMAppDelegate.m; sourceTree = "<group>"; };
		52B7AA1619AEF83D00075D1E /* Images.xcassets */ = {isa = PBXFileReference; lastKnownFileType = folder.assetcatalog; path = Images.xcassets; sourceTree = "<group>"; };
		52B7AA1C19AEF83D00075D1E /* ServerTestTests.xctest */ = {isa = PBXFileReference; explicitFileType = wrapper.cfbundle; includeInIndex = 0; path = ServerTestTests.xctest; sourceTree = BUILT_PRODUCTS_DIR; };
		52B7AA1D19AEF83D00075D1E /* XCTest.framework */ = {isa = PBXFileReference; lastKnownFileType = wrapper.framework; name = XCTest.framework; path = Library/Frameworks/XCTest.framework; sourceTree = DEVELOPER_DIR; };
		52B7AA2519AEF83D00075D1E /* ServerTestTests-Info.plist */ = {isa = PBXFileReference; lastKnownFileType = text.plist.xml; path = "ServerTestTests-Info.plist"; sourceTree = "<group>"; };
		52B7AA2719AEF83D00075D1E /* en */ = {isa = PBXFileReference; lastKnownFileType = text.plist.strings; name = en; path = en.lproj/InfoPlist.strings; sourceTree = "<group>"; };
		52B7AA2919AEF83D00075D1E /* ServerTestTests.m */ = {isa = PBXFileReference; lastKnownFileType = sourcecode.c.objc; path = ServerTestTests.m; sourceTree = "<group>"; };
/* End PBXFileReference section */

/* Begin PBXFrameworksBuildPhase section */
		52B7A9FE19AEF83D00075D1E /* Frameworks */ = {
			isa = PBXFrameworksBuildPhase;
			buildActionMask = 2147483647;
			files = (
				52B7AA0719AEF83D00075D1E /* CoreGraphics.framework in Frameworks */,
				52B7AA0919AEF83D00075D1E /* UIKit.framework in Frameworks */,
				52B7AA0519AEF83D00075D1E /* Foundation.framework in Frameworks */,
			);
			runOnlyForDeploymentPostprocessing = 0;
		};
		52B7AA1919AEF83D00075D1E /* Frameworks */ = {
			isa = PBXFrameworksBuildPhase;
			buildActionMask = 2147483647;
			files = (
				52B7AA1E19AEF83D00075D1E /* XCTest.framework in Frameworks */,
				52B7AA2019AEF83D00075D1E /* UIKit.framework in Frameworks */,
				52B7AA1F19AEF83D00075D1E /* Foundation.framework in Frameworks */,
			);
			runOnlyForDeploymentPostprocessing = 0;
		};
/* End PBXFrameworksBuildPhase section */

/* Begin PBXGroup section */
		52B7A9F819AEF83D00075D1E = {
			isa = PBXGroup;
			children = (
				52B7AA0A19AEF83D00075D1E /* ServerTest */,
				52B7AA2319AEF83D00075D1E /* ServerTestTests */,
				52B7AA0319AEF83D00075D1E /* Frameworks */,
				52B7AA0219AEF83D00075D1E /* Products */,
			);
			sourceTree = "<group>";
		};
		52B7AA0219AEF83D00075D1E /* Products */ = {
			isa = PBXGroup;
			children = (
				52B7AA0119AEF83D00075D1E /* ServerTest.app */,
				52B7AA1C19AEF83D00075D1E /* ServerTestTests.xctest */,
			);
			name = Products;
			sourceTree = "<group>";
		};
		52B7AA0319AEF83D00075D1E /* Frameworks */ = {
			isa = PBXGroup;
			children = (
				52B7AA0419AEF83D00075D1E /* Foundation.framework */,
				52B7AA0619AEF83D00075D1E /* CoreGraphics.framework */,
				52B7AA0819AEF83D00075D1E /* UIKit.framework */,
				52B7AA1D19AEF83D00075D1E /* XCTest.framework */,
			);
			name = Frameworks;
			sourceTree = "<group>";
		};
		52B7AA0A19AEF83D00075D1E /* ServerTest */ = {
			isa = PBXGroup;
			children = (
				52B7AA1319AEF83D00075D1E /* SMAppDelegate.h */,
				52B7AA1419AEF83D00075D1E /* SMAppDelegate.m */,
				52B7AA1619AEF83D00075D1E /* Images.xcassets */,
				52B7AA0B19AEF83D00075D1E /* Supporting Files */,
			);
			path = ServerTest;
			sourceTree = "<group>";
		};
		52B7AA0B19AEF83D00075D1E /* Supporting Files */ = {
			isa = PBXGroup;
			children = (
				52B7AA0C19AEF83D00075D1E /* ServerTest-Info.plist */,
				52B7AA0D19AEF83D00075D1E /* InfoPlist.strings */,
				52B7AA1019AEF83D00075D1E /* main.m */,
				52B7AA1219AEF83D00075D1E /* ServerTest-Prefix.pch */,
			);
			name = "Supporting Files";
			sourceTree = "<group>";
		};
		52B7AA2319AEF83D00075D1E /* ServerTestTests */ = {
			isa = PBXGroup;
			children = (
				52B7AA2919AEF83D00075D1E /* ServerTestTests.m */,
				52B7AA2419AEF83D00075D1E /* Supporting Files */,
			);
			path = ServerTestTests;
			sourceTree = "<group>";
		};
		52B7AA2419AEF83D00075D1E /* Supporting Files */ = {
			isa = PBXGroup;
			children = (
				52B7AA2519AEF83D00075D1E /* ServerTestTests-Info.plist */,
				52B7AA2619AEF83D00075D1E /* InfoPlist.strings */,
			);
			name = "Supporting Files";
			sourceTree = "<group>";
		};
/* End PBXGroup section */

/* Begin PBXNativeTarget section */
		52B7AA0019AEF83D00075D1E /* ServerTest */ = {
			isa = PBXNativeTarget;
			buildConfigurationList = 52B7AA2D19AEF83D00075D1E /* Build configuration list for PBXNativeTarget "ServerTest" */;
			buildPhases = (
				52B7A9FD19AEF83D00075D1E /* Sources */,
				52B7A9FE19AEF83D00075D1E /* Frameworks */,
				52B7A9FF19AEF83D00075D1E /* Resources */,
			);
			buildRules = (
			);
			dependencies = (
			);
			name = ServerTest;
			productName = ServerTest;
			productReference = 52B7AA0119AEF83D00075D1E /* ServerTest.app */;
			productType = "com.apple.product-type.application";
		};
		52B7AA1B19AEF83D00075D1E /* ServerTestTests */ = {
			isa = PBXNativeTarget;
			buildConfigurationList = 52B7AA3019AEF83D00075D1E /* Build configuration list for PBXNativeTarget "ServerTestTests" */;
			buildPhases = (
				52B7AA1819AEF83D00075D1E /* Sources */,
				52B7AA1919AEF83D00075D1E /* Frameworks */,
				52B7AA1A19AEF83D00075D1E /* Resources */,
			);
			buildRules = (
			);
			dependencies = (
				52B7AA2219AEF83D00075D1E /* PBXTargetDependency */,
			);
			name = ServerTestTests;
			productName = ServerTestTests;
			productReference = 52B7AA1C19AEF83D00075D1E /* ServerTestTests.xctest */;
			productType = "com.apple.product-type.bundle.unit-test";
		};
/* End PBXNativeTarget section */

/* Begin PBXProject section */
		52B7A9F919AEF83D00075D1E /* Project object */ = {
			isa = PBXProject;
			attributes = {
				CLASSPREFIX = SM;
				LastUpgradeCheck = 0510;
				ORGANIZATIONNAME = smartrookie;
				TargetAttributes = {
					52B7AA1B19AEF83D00075D1E = {
						TestTargetID = 52B7AA0019AEF83D00075D1E;
					};
				};
			};
			buildConfigurationList = 52B7A9FC19AEF83D00075D1E /* Build configuration list for PBXProject "ServerTest" */;
			compatibilityVersion = "Xcode 3.2";
			developmentRegion = English;
			hasScannedForEncodings = 0;
			knownRegions = (
				en,
			);
			mainGroup = 52B7A9F819AEF83D00075D1E;
			productRefGroup = 52B7AA0219AEF83D00075D1E /* Products */;
			projectDirPath = "";
			projectRoot = "";
			targets = (
				52B7AA0019AEF83D00075D1E /* ServerTest */,
				52B7AA1B19AEF83D00075D1E /* ServerTestTests */,
			);
		};
/* End PBXProject section */

/* Begin PBXResourcesBuildPhase section */
		52B7A9FF19AEF83D00075D1E /* Resources */ = {
			isa = PBXResourcesBuildPhase;
			buildActionMask = 2147483647;
			files = (
				52B7AA0F19AEF83D00075D1E /* InfoPlist.strings in Resources */,
				52B7AA1719AEF83D00075D1E /* Images.xcassets in Resources */,
			);
			runOnlyForDeploymentPostprocessing = 0;
		};
		52B7AA1A19AEF83D00075D1E /* Resources */ = {
			isa = PBXResourcesBuildPhase;
			buildActionMask = 2147483647;
			files = (
				52B7AA2819AEF83D00075D1E /* InfoPlist.strings in Resources */,
			);
			runOnlyForDeploymentPostprocessing = 0;
		};
/* End PBXResourcesBuildPhase section */

/* Begin PBXSourcesBuildPhase section */
		52B7A9FD19AEF83D00075D1E /* Sources */ = {
			isa = PBXSourcesBuildPhase;
			buildActionMask = 2147483647;
			files = (
				52B7AA1519AEF83D00075D1E /* SMAppDelegate.m in Sources */,
				52B7AA1119AEF83D00075D1E /* main.m in Sources */,
			);
			runOnlyForDeploymentPostprocessing = 0;
		};
		52B7AA1819AEF83D00075D1E /* Sources */ = {
			isa = PBXSourcesBuildPhase;
			buildActionMask = 2147483647;
			files = (
				52B7AA2A19AEF83D00075D1E /* ServerTestTests.m in Sources */,
			);
			runOnlyForDeploymentPostprocessing = 0;
		};
/* End PBXSourcesBuildPhase section */

/* Begin PBXTargetDependency section */
		52B7AA2219AEF83D00075D1E /* PBXTargetDependency */ = {
			isa = PBXTargetDependency;
			target = 52B7AA0019AEF83D00075D1E /* ServerTest */;
			targetProxy = 52B7AA2119AEF83D00075D1E /* PBXContainerItemProxy */;
		};
/* End PBXTargetDependency section */

/* Begin PBXVariantGroup section */
		52B7AA0D19AEF83D00075D1E /* InfoPlist.strings */ = {
			isa = PBXVariantGroup;
			children = (
				52B7AA0E19AEF83D00075D1E /* en */,
			);
			name = InfoPlist.strings;
			sourceTree = "<group>";
		};
		52B7AA2619AEF83D00075D1E /* InfoPlist.strings */ = {
			isa = PBXVariantGroup;
			children = (
				52B7AA2719AEF83D00075D1E /* en */,
			);
			name = InfoPlist.strings;
			sourceTree = "<group>";
		};
/* End PBXVariantGroup section */

/* Begin XCBuildConfiguration section */
		52B7AA2B19AEF83D00075D1E /* Debug */ = {
			isa = XCBuildConfiguration;
			buildSettings = {
				ALWAYS_SEARCH_USER_PATHS = NO;
				CLANG_CXX_LANGUAGE_STANDARD = "gnu++0x";
				CLANG_CXX_LIBRARY = "libc++";
				CLANG_ENABLE_MODULES = YES;
				CLANG_ENABLE_OBJC_ARC = YES;
				CLANG_WARN_BOOL_CONVERSION = YES;
				CLANG_WARN_CONSTANT_CONVERSION = YES;
				CLANG_WARN_DIRECT_OBJC_ISA_USAGE = YES_ERROR;
				CLANG_WARN_EMPTY_BODY = YES;
				CLANG_WARN_ENUM_CONVERSION = YES;
				CLANG_WARN_INT_CONVERSION = YES;
				CLANG_WARN_OBJC_ROOT_CLASS = YES_ERROR;
				CLANG_WARN__DUPLICATE_METHOD_MATCH = YES;
				"CODE_SIGN_IDENTITY[sdk=iphoneos*]" = "iPhone Developer";
				COPY_PHASE_STRIP = NO;
				GCC_C_LANGUAGE_STANDARD = gnu99;
				GCC_DYNAMIC_NO_PIC = NO;
				GCC_OPTIMIZATION_LEVEL = 0;
				GCC_PREPROCESSOR_DEFINITIONS = (
					"DEBUG=1",
					"$(inherited)",
				);
				GCC_SYMBOLS_PRIVATE_EXTERN = NO;
				GCC_WARN_64_TO_32_BIT_CONVERSION = YES;
				GCC_WARN_ABOUT_RETURN_TYPE = YES_ERROR;
				GCC_WARN_UNDECLARED_SELECTOR = YES;
				GCC_WARN_UNINITIALIZED_AUTOS = YES_AGGRESSIVE;
				GCC_WARN_UNUSED_FUNCTION = YES;
				GCC_WARN_UNUSED_VARIABLE = YES;
				IPHONEOS_DEPLOYMENT_TARGET = 7.1;
				ONLY_ACTIVE_ARCH = YES;
				SDKROOT = iphoneos;
			};
			name = Debug;
		};
		52B7AA2C19AEF83D00075D1E /* Release */ = {
			isa = XCBuildConfiguration;
			buildSettings = {
				ALWAYS_SEARCH_USER_PATHS = NO;
				CLANG_CXX_LANGUAGE_STANDARD = "gnu++0x";
				CLANG_CXX_LIBRARY = "libc++";
				CLANG_ENABLE_MODULES = YES;
				CLANG_ENABLE_OBJC_ARC = YES;
				CLANG_WARN_BOOL_CONVERSION = YES;
				CLANG_WARN_CONSTANT_CONVERSION = YES;
				CLANG_WARN_DIRECT_OBJC_ISA_USAGE = YES_ERROR;
				CLANG_WARN_EMPTY_BODY = YES;
				CLANG_WARN_ENUM_CONVERSION = YES;
				CLANG_WARN_INT_CONVERSION = YES;
				CLANG_WARN_OBJC_ROOT_CLASS = YES_ERROR;
				CLANG_WARN__DUPLICATE_METHOD_MATCH = YES;
				"CODE_SIGN_IDENTITY[sdk=iphoneos*]" = "iPhone Developer";
				COPY_PHASE_STRIP = YES;
				ENABLE_NS_ASSERTIONS = NO;
				GCC_C_LANGUAGE_STANDARD = gnu99;
				GCC_WARN_64_TO_32_BIT_CONVERSION = YES;
				GCC_WARN_ABOUT_RETURN_TYPE = YES_ERROR;
				GCC_WARN_UNDECLARED_SELECTOR = YES;
				GCC_WARN_UNINITIALIZED_AUTOS = YES_AGGRESSIVE;
				GCC_WARN_UNUSED_FUNCTION = YES;
				GCC_WARN_UNUSED_VARIABLE = YES;
				IPHONEOS_DEPLOYMENT_TARGET = 7.1;
				SDKROOT = iphoneos;
				VALIDATE_PRODUCT = YES;
			};
			name = Release;
		};
		52B7AA2E19AEF83D00075D1E /* Debug */ = {
			isa = XCBuildConfiguration;
			buildSettings = {
				ASSETCATALOG_COMPILER_APPICON_NAME = AppIcon;
				ASSETCATALOG_COMPILER_LAUNCHIMAGE_NAME = LaunchImage;
				GCC_PRECOMPILE_PREFIX_HEADER = YES;
				GCC_PREFIX_HEADER = "ServerTest/ServerTest-Prefix.pch";
				INFOPLIST_FILE = "ServerTest/ServerTest-Info.plist";
				PRODUCT_NAME = "$(TARGET_NAME)";
				WRAPPER_EXTENSION = app;
			};
			name = Debug;
		};
		52B7AA2F19AEF83D00075D1E /* Release */ = {
			isa = XCBuildConfiguration;
			buildSettings = {
				ASSETCATALOG_COMPILER_APPICON_NAME = AppIcon;
				ASSETCATALOG_COMPILER_LAUNCHIMAGE_NAME = LaunchImage;
				GCC_PRECOMPILE_PREFIX_HEADER = YES;
				GCC_PREFIX_HEADER = "ServerTest/ServerTest-Prefix.pch";
				INFOPLIST_FILE = "ServerTest/ServerTest-Info.plist";
				PRODUCT_NAME = "$(TARGET_NAME)";
				WRAPPER_EXTENSION = app;
			};
			name = Release;
		};
		52B7AA3119AEF83D00075D1E /* Debug */ = {
			isa = XCBuildConfiguration;
			buildSettings = {
				BUNDLE_LOADER = "$(BUILT_PRODUCTS_DIR)/ServerTest.app/ServerTest";
				FRAMEWORK_SEARCH_PATHS = (
					"$(SDKROOT)/Developer/Library/Frameworks",
					"$(inherited)",
					"$(DEVELOPER_FRAMEWORKS_DIR)",
				);
				GCC_PRECOMPILE_PREFIX_HEADER = YES;
				GCC_PREFIX_HEADER = "ServerTest/ServerTest-Prefix.pch";
				GCC_PREPROCESSOR_DEFINITIONS = (
					"DEBUG=1",
					"$(inherited)",
				);
				INFOPLIST_FILE = "ServerTestTests/ServerTestTests-Info.plist";
				PRODUCT_NAME = "$(TARGET_NAME)";
				TEST_HOST = "$(BUNDLE_LOADER)";
				WRAPPER_EXTENSION = xctest;
			};
			name = Debug;
		};
		52B7AA3219AEF83D00075D1E /* Release */ = {
			isa = XCBuildConfiguration;
			buildSettings = {
				BUNDLE_LOADER = "$(BUILT_PRODUCTS_DIR)/ServerTest.app/ServerTest";
				FRAMEWORK_SEARCH_PATHS = (
					"$(SDKROOT)/Developer/Library/Frameworks",
					"$(inherited)",
					"$(DEVELOPER_FRAMEWORKS_DIR)",
				);
				GCC_PRECOMPILE_PREFIX_HEADER = YES;
				GCC_PREFIX_HEADER = "ServerTest/ServerTest-Prefix.pch";
				INFOPLIST_FILE = "ServerTestTests/ServerTestTests-Info.plist";
				PRODUCT_NAME = "$(TARGET_NAME)";
				TEST_HOST = "$(BUNDLE_LOADER)";
				WRAPPER_EXTENSION = xctest;
			};
			name = Release;
		};
/* End XCBuildConfiguration section */

/* Begin XCConfigurationList section */
		52B7A9FC19AEF83D00075D1E /* Build configuration list for PBXProject "ServerTest" */ = {
			isa = XCConfigurationList;
			buildConfigurations = (
				52B7AA2B19AEF83D00075D1E /* Debug */,
				52B7AA2C19AEF83D00075D1E /* Release */,
			);
			defaultConfigurationIsVisible = 0;
			defaultConfigurationName = Release;
		};
		52B7AA2D19AEF83D00075D1E /* Build configuration list for PBXNativeTarget "ServerTest" */ = {
			isa = XCConfigurationList;
			buildConfigurations = (
				52B7AA2E19AEF83D00075D1E /* Debug */,
				52B7AA2F19AEF83D00075D1E /* Release */,
			);
			defaultConfigurationIsVisible = 0;
		};
		52B7AA3019AEF83D00075D1E /* Build configuration list for PBXNativeTarget "ServerTestTests" */ = {
			isa = XCConfigurationList;
			buildConfigurations = (
				52B7AA3119AEF83D00075D1E /* Debug */,
				52B7AA3219AEF83D00075D1E /* Release */,
			);
			defaultConfigurationIsVisible = 0;
		};
/* End XCConfigurationList section */
	};
	rootObject = 52B7A9F919AEF83D00075D1E /* Project object */;
}
